{
    "_readme": [
        "This file locks the dependencies of your project to a known state",
        "Read more about it at https://getcomposer.org/doc/01-basic-usage.md#installing-dependencies",
        "This file is @generated automatically"
    ],
    "content-hash": "723a8525968457ea9e36784c00e68b48",
    "packages": [],
    "packages-dev": [
        {
            "name": "levizwannah/zas-php-cli",
            "version": "v1.0.5.1",
            "source": {
                "type": "git",
                "url": "https://github.com/levizwannah/zas-php-cli.git",
                "reference": "b4bd8d9547b3100c78ee9e10c4ddc1148d131d9f"
            },
            "dist": {
                "type": "zip",
                "url": "https://api.github.com/repos/levizwannah/zas-php-cli/zipball/b4bd8d9547b3100c78ee9e10c4ddc1148d131d9f",
                "reference": "b4bd8d9547b3100c78ee9e10c4ddc1148d131d9f",
                "shasum": ""
            },
            "type": "library",
            "autoload": {
                "files": [
                    "autoload.php"
                ]
            },
            "notification-url": "https://packagist.org/downloads/",
            "license": [
                "MIT"
            ],
            "authors": [
                {
                    "name": "Levi Kamara Zwannah",
                    "email": "levizwannah@gmail.com"
                }
            ],
            "description": "The CLI tool for the ZasEnv",
            "support": {
                "issues": "https://github.com/levizwannah/zas-php-cli/issues",
                "source": "https://github.com/levizwannah/zas-php-cli/tree/v1.0.5.1"
            },
            "time": "2022-10-25T12:40:30+00:00"
        }
    ],
    "aliases": [],
    "minimum-stability": "dev",
    "stability-flags": [],
    "prefer-stable": true,
    "prefer-lowest": false,
    "platform": [],
    "platform-dev": [],
    "plugin-api-version": "2.3.0"
}
